
Microsoft Visual Studio Solution File, Format Version 12.00
# Visual Studio 15
Project("{FAE04EC0-301F-11D3-BF4B-00C04F79EFBC}") = "NuGetFindPackageByIdResourceTest", "NuGetFindPackageByIdResourceTest\NuGetFindPackageByIdResourceTest.csproj", "{8F1A1B8B-1325-4E14-9935-A44CA8DA312A}"
EndProject
Global
	GlobalSection(SolutionConfigurationPlatforms) = preSolution
		Debug|x86 = Debug|x86
		Release|x86 = Release|x86
	EndGlobalSection
	GlobalSection(ProjectConfigurationPlatforms) = postSolution
		{8F1A1B8B-1325-4E14-9935-A44CA8DA312A}.Debug|x86.ActiveCfg = Debug|x86
		{8F1A1B8B-1325-4E14-9935-A44CA8DA312A}.Debug|x86.Build.0 = Debug|x86
		{8F1A1B8B-1325-4E14-9935-A44CA8DA312A}.Release|x86.ActiveCfg = Release|x86
		{8F1A1B8B-1325-4E14-9935-A44CA8DA312A}.Release|x86.Build.0 = Release|x86
	EndGlobalSection
EndGlobal
